
Microsoft Visual Studio Solution File, Format Version 12.00
# Visual Studio Version 17
VisualStudioVersion = 17.8.34322.80
MinimumVisualStudioVersion = 10.0.40219.1
Project("{8BC9CEB8-8B4A-11D0-8D11-00A0C91BC942}") = "huffman-compress-decompress", "huffman-compress-decompress.vcxproj", "{E50128F1-0A24-449D-9592-4F2E3AAD3791}"
EndProject
Global
	GlobalSection(SolutionConfigurationPlatforms) = preSolution
		Debug|x64 = Debug|x64
		Debug|x86 = Debug|x86
		Release|x64 = Release|x64
		Release|x86 = Release|x86
	EndGlobalSection
	GlobalSection(ProjectConfigurationPlatforms) = postSolution
		{E50128F1-0A24-449D-9592-4F2E3AAD3791}.Debug|x64.ActiveCfg = Debug|x64
		{E50128F1-0A24-449D-9592-4F2E3AAD3791}.Debug|x64.Build.0 = Debug|x64
		{E50128F1-0A24-449D-9592-4F2E3AAD3791}.Debug|x86.ActiveCfg = Debug|Win32
		{E50128F1-0A24-449D-9592-4F2E3AAD3791}.Debug|x86.Build.0 = Debug|Win32
		{E50128F1-0A24-449D-9592-4F2E3AAD3791}.Release|x64.ActiveCfg = Release|x64
		{E50128F1-0A24-449D-9592-4F2E3AAD3791}.Release|x64.Build.0 = Release|x64
		{E50128F1-0A24-449D-9592-4F2E3AAD3791}.Release|x86.ActiveCfg = Release|Win32
		{E50128F1-0A24-449D-9592-4F2E3AAD3791}.Release|x86.Build.0 = Release|Win32
	EndGlobalSection
	GlobalSection(SolutionProperties) = preSolution
		HideSolutionNode = FALSE
	EndGlobalSection
	GlobalSection(ExtensibilityGlobals) = postSolution
		SolutionGuid = {46146D91-6163-44D4-B4E7-F98B1A24B6D6}
	EndGlobalSection
EndGlobal
